// !$*UTF8*$!
{
	archiveVersion = 1;
	classes = {
	};
	objectVersion = 50;
	objects = {

/* Begin PBXBuildFile section */
		0DBEDB89D3C7D6F74060937D /* Pods_BelatrixChallenge.framework in Frameworks */ = {isa = PBXBuildFile; fileRef = C85252FD071C955425ADE848 /* Pods_BelatrixChallenge.framework */; };
		C1119F24235C251F00397A86 /* AppDelegate.swift in Sources */ = {isa = PBXBuildFile; fileRef = C1119F23235C251F00397A86 /* AppDelegate.swift */; };
		C1119F26235C251F00397A86 /* MoviesViewController.swift in Sources */ = {isa = PBXBuildFile; fileRef = C1119F25235C251F00397A86 /* MoviesViewController.swift */; };
		C1119F29235C251F00397A86 /* Main.storyboard in Resources */ = {isa = PBXBuildFile; fileRef = C1119F27235C251F00397A86 /* Main.storyboard */; };
		C1119F2B235C252100397A86 /* Assets.xcassets in Resources */ = {isa = PBXBuildFile; fileRef = C1119F2A235C252100397A86 /* Assets.xcassets */; };
		C1119F2E235C252100397A86 /* LaunchScreen.storyboard in Resources */ = {isa = PBXBuildFile; fileRef = C1119F2C235C252100397A86 /* LaunchScreen.storyboard */; };
		C1119F39235C2E3A00397A86 /* MoviePresenter.swift in Sources */ = {isa = PBXBuildFile; fileRef = C1119F38235C2E3A00397A86 /* MoviePresenter.swift */; };
		C1119F3B235C2EA600397A86 /* MovieRouter.swift in Sources */ = {isa = PBXBuildFile; fileRef = C1119F3A235C2EA500397A86 /* MovieRouter.swift */; };
		C1119F3D235C2EDF00397A86 /* MovieInteractor.swift in Sources */ = {isa = PBXBuildFile; fileRef = C1119F3C235C2EDF00397A86 /* MovieInteractor.swift */; };
		C1119F40235C300300397A86 /* MovieModel.swift in Sources */ = {isa = PBXBuildFile; fileRef = C1119F3F235C300300397A86 /* MovieModel.swift */; };
		C1119F42235C30A400397A86 /* MovieModuleBuilder.swift in Sources */ = {isa = PBXBuildFile; fileRef = C1119F41235C30A400397A86 /* MovieModuleBuilder.swift */; };
		C1119F45235CFC0600397A86 /* HttpRouter.swift in Sources */ = {isa = PBXBuildFile; fileRef = C1119F44235CFC0600397A86 /* HttpRouter.swift */; };
		C1119F47235CFC2500397A86 /* HttpService.swift in Sources */ = {isa = PBXBuildFile; fileRef = C1119F46235CFC2500397A86 /* HttpService.swift */; };
		C1119F49235D031F00397A86 /* MovieHttpService.swift in Sources */ = {isa = PBXBuildFile; fileRef = C1119F48235D031F00397A86 /* MovieHttpService.swift */; };
		C1119F4B235D038500397A86 /* MovieHttpRouter.swift in Sources */ = {isa = PBXBuildFile; fileRef = C1119F4A235D038500397A86 /* MovieHttpRouter.swift */; };
/* End PBXBuildFile section */

/* Begin PBXFileReference section */
		1B00E59368AB9D9A4047D1BE /* Pods-BelatrixChallenge.debug.xcconfig */ = {isa = PBXFileReference; includeInIndex = 1; lastKnownFileType = text.xcconfig; name = "Pods-BelatrixChallenge.debug.xcconfig"; path = "Target Support Files/Pods-BelatrixChallenge/Pods-BelatrixChallenge.debug.xcconfig"; sourceTree = "<group>"; };
		9386F5E23DEE08E8AE7EA12C /* Pods-BelatrixChallenge.release.xcconfig */ = {isa = PBXFileReference; includeInIndex = 1; lastKnownFileType = text.xcconfig; name = "Pods-BelatrixChallenge.release.xcconfig"; path = "Target Support Files/Pods-BelatrixChallenge/Pods-BelatrixChallenge.release.xcconfig"; sourceTree = "<group>"; };
		C1119F20235C251F00397A86 /* BelatrixChallenge.app */ = {isa = PBXFileReference; explicitFileType = wrapper.application; includeInIndex = 0; path = BelatrixChallenge.app; sourceTree = BUILT_PRODUCTS_DIR; };
		C1119F23235C251F00397A86 /* AppDelegate.swift */ = {isa = PBXFileReference; lastKnownFileType = sourcecode.swift; path = AppDelegate.swift; sourceTree = "<group>"; };
		C1119F25235C251F00397A86 /* MoviesViewController.swift */ = {isa = PBXFileReference; lastKnownFileType = sourcecode.swift; path = MoviesViewController.swift; sourceTree = "<group>"; };
		C1119F28235C251F00397A86 /* Base */ = {isa = PBXFileReference; lastKnownFileType = file.storyboard; name = Base; path = Base.lproj/Main.storyboard; sourceTree = "<group>"; };
		C1119F2A235C252100397A86 /* Assets.xcassets */ = {isa = PBXFileReference; lastKnownFileType = folder.assetcatalog; path = Assets.xcassets; sourceTree = "<group>"; };
		C1119F2D235C252100397A86 /* Base */ = {isa = PBXFileReference; lastKnownFileType = file.storyboard; name = Base; path = Base.lproj/LaunchScreen.storyboard; sourceTree = "<group>"; };
		C1119F2F235C252100397A86 /* Info.plist */ = {isa = PBXFileReference; lastKnownFileType = text.plist.xml; path = Info.plist; sourceTree = "<group>"; };
		C1119F38235C2E3A00397A86 /* MoviePresenter.swift */ = {isa = PBXFileReference; lastKnownFileType = sourcecode.swift; path = MoviePresenter.swift; sourceTree = "<group>"; };
		C1119F3A235C2EA500397A86 /* MovieRouter.swift */ = {isa = PBXFileReference; lastKnownFileType = sourcecode.swift; path = MovieRouter.swift; sourceTree = "<group>"; };
		C1119F3C235C2EDF00397A86 /* MovieInteractor.swift */ = {isa = PBXFileReference; lastKnownFileType = sourcecode.swift; path = MovieInteractor.swift; sourceTree = "<group>"; };
		C1119F3F235C300300397A86 /* MovieModel.swift */ = {isa = PBXFileReference; lastKnownFileType = sourcecode.swift; path = MovieModel.swift; sourceTree = "<group>"; };
		C1119F41235C30A400397A86 /* MovieModuleBuilder.swift */ = {isa = PBXFileReference; lastKnownFileType = sourcecode.swift; path = MovieModuleBuilder.swift; sourceTree = "<group>"; };
		C1119F44235CFC0600397A86 /* HttpRouter.swift */ = {isa = PBXFileReference; lastKnownFileType = sourcecode.swift; path = HttpRouter.swift; sourceTree = "<group>"; };
		C1119F46235CFC2500397A86 /* HttpService.swift */ = {isa = PBXFileReference; lastKnownFileType = sourcecode.swift; path = HttpService.swift; sourceTree = "<group>"; };
		C1119F48235D031F00397A86 /* MovieHttpService.swift */ = {isa = PBXFileReference; lastKnownFileType = sourcecode.swift; path = MovieHttpService.swift; sourceTree = "<group>"; };
		C1119F4A235D038500397A86 /* MovieHttpRouter.swift */ = {isa = PBXFileReference; lastKnownFileType = sourcecode.swift; path = MovieHttpRouter.swift; sourceTree = "<group>"; };
		C85252FD071C955425ADE848 /* Pods_BelatrixChallenge.framework */ = {isa = PBXFileReference; explicitFileType = wrapper.framework; includeInIndex = 0; path = Pods_BelatrixChallenge.framework; sourceTree = BUILT_PRODUCTS_DIR; };
/* End PBXFileReference section */

/* Begin PBXFrameworksBuildPhase section */
		C1119F1D235C251F00397A86 /* Frameworks */ = {
			isa = PBXFrameworksBuildPhase;
			buildActionMask = 2147483647;
			files = (
				0DBEDB89D3C7D6F74060937D /* Pods_BelatrixChallenge.framework in Frameworks */,
			);
			runOnlyForDeploymentPostprocessing = 0;
		};
/* End PBXFrameworksBuildPhase section */

/* Begin PBXGroup section */
		122F81AEBD77B54E0F93DE5A /* Pods */ = {
			isa = PBXGroup;
			children = (
				1B00E59368AB9D9A4047D1BE /* Pods-BelatrixChallenge.debug.xcconfig */,
				9386F5E23DEE08E8AE7EA12C /* Pods-BelatrixChallenge.release.xcconfig */,
			);
			path = Pods;
			sourceTree = "<group>";
		};
		AB7C30B3A81332EB39EC2EE2 /* Frameworks */ = {
			isa = PBXGroup;
			children = (
				C85252FD071C955425ADE848 /* Pods_BelatrixChallenge.framework */,
			);
			name = Frameworks;
			sourceTree = "<group>";
		};
		C1119F17235C251F00397A86 = {
			isa = PBXGroup;
			children = (
				C1119F22235C251F00397A86 /* BelatrixChallenge */,
				C1119F21235C251F00397A86 /* Products */,
				122F81AEBD77B54E0F93DE5A /* Pods */,
				AB7C30B3A81332EB39EC2EE2 /* Frameworks */,
			);
			sourceTree = "<group>";
		};
		C1119F21235C251F00397A86 /* Products */ = {
			isa = PBXGroup;
			children = (
				C1119F20235C251F00397A86 /* BelatrixChallenge.app */,
			);
			name = Products;
			sourceTree = "<group>";
		};
		C1119F22235C251F00397A86 /* BelatrixChallenge */ = {
			isa = PBXGroup;
			children = (
				C1119F43235CFBBD00397A86 /* Service */,
				C1119F3E235C2FEB00397A86 /* Entity */,
				C1119F35235C2CF100397A86 /* MoviesModule */,
				C1119F23235C251F00397A86 /* AppDelegate.swift */,
				C1119F27235C251F00397A86 /* Main.storyboard */,
				C1119F2A235C252100397A86 /* Assets.xcassets */,
				C1119F2C235C252100397A86 /* LaunchScreen.storyboard */,
				C1119F2F235C252100397A86 /* Info.plist */,
			);
			path = BelatrixChallenge;
			sourceTree = "<group>";
		};
		C1119F35235C2CF100397A86 /* MoviesModule */ = {
			isa = PBXGroup;
			children = (
				C1119F25235C251F00397A86 /* MoviesViewController.swift */,
				C1119F38235C2E3A00397A86 /* MoviePresenter.swift */,
				C1119F3A235C2EA500397A86 /* MovieRouter.swift */,
				C1119F3C235C2EDF00397A86 /* MovieInteractor.swift */,
				C1119F41235C30A400397A86 /* MovieModuleBuilder.swift */,
			);
			path = MoviesModule;
			sourceTree = "<group>";
		};
		C1119F3E235C2FEB00397A86 /* Entity */ = {
			isa = PBXGroup;
			children = (
				C1119F3F235C300300397A86 /* MovieModel.swift */,
			);
			path = Entity;
			sourceTree = "<group>";
		};
		C1119F43235CFBBD00397A86 /* Service */ = {
			isa = PBXGroup;
			children = (
				C1119F44235CFC0600397A86 /* HttpRouter.swift */,
				C1119F46235CFC2500397A86 /* HttpService.swift */,
				C1119F48235D031F00397A86 /* MovieHttpService.swift */,
				C1119F4A235D038500397A86 /* MovieHttpRouter.swift */,
			);
			path = Service;
			sourceTree = "<group>";
		};
/* End PBXGroup section */

/* Begin PBXNativeTarget section */
		C1119F1F235C251F00397A86 /* BelatrixChallenge */ = {
			isa = PBXNativeTarget;
			buildConfigurationList = C1119F32235C252100397A86 /* Build configuration list for PBXNativeTarget "BelatrixChallenge" */;
			buildPhases = (
				8FB800D1660BEAC71DD160EB /* [CP] Check Pods Manifest.lock */,
				C1119F1C235C251F00397A86 /* Sources */,
				C1119F1D235C251F00397A86 /* Frameworks */,
				C1119F1E235C251F00397A86 /* Resources */,
				2C0E145F9EE17EDF48A72905 /* [CP] Embed Pods Frameworks */,
			);
			buildRules = (
			);
			dependencies = (
			);
			name = BelatrixChallenge;
			productName = BelatrixChallenge;
			productReference = C1119F20235C251F00397A86 /* BelatrixChallenge.app */;
			productType = "com.apple.product-type.application";
		};
/* End PBXNativeTarget section */

/* Begin PBXProject section */
		C1119F18235C251F00397A86 /* Project object */ = {
			isa = PBXProject;
			attributes = {
				LastSwiftUpdateCheck = 1020;
				LastUpgradeCheck = 1020;
				ORGANIZATIONNAME = Fer;
				TargetAttributes = {
					C1119F1F235C251F00397A86 = {
						CreatedOnToolsVersion = 10.2;
					};
				};
			};
			buildConfigurationList = C1119F1B235C251F00397A86 /* Build configuration list for PBXProject "BelatrixChallenge" */;
			compatibilityVersion = "Xcode 9.3";
			developmentRegion = en;
			hasScannedForEncodings = 0;
			knownRegions = (
				en,
				Base,
			);
			mainGroup = C1119F17235C251F00397A86;
			productRefGroup = C1119F21235C251F00397A86 /* Products */;
			projectDirPath = "";
			projectRoot = "";
			targets = (
				C1119F1F235C251F00397A86 /* BelatrixChallenge */,
			);
		};
/* End PBXProject section */

/* Begin PBXResourcesBuildPhase section */
		C1119F1E235C251F00397A86 /* Resources */ = {
			isa = PBXResourcesBuildPhase;
			buildActionMask = 2147483647;
			files = (
				C1119F2E235C252100397A86 /* LaunchScreen.storyboard in Resources */,
				C1119F2B235C252100397A86 /* Assets.xcassets in Resources */,
				C1119F29235C251F00397A86 /* Main.storyboard in Resources */,
			);
			runOnlyForDeploymentPostprocessing = 0;
		};
/* End PBXResourcesBuildPhase section */

/* Begin PBXShellScriptBuildPhase section */
		2C0E145F9EE17EDF48A72905 /* [CP] Embed Pods Frameworks */ = {
			isa = PBXShellScriptBuildPhase;
			buildActionMask = 2147483647;
			files = (
			);
			inputFileListPaths = (
			);
			inputPaths = (
				"${PODS_ROOT}/Target Support Files/Pods-BelatrixChallenge/Pods-BelatrixChallenge-frameworks.sh",
				"${BUILT_PRODUCTS_DIR}/Alamofire/Alamofire.framework",
			);
			name = "[CP] Embed Pods Frameworks";
			outputFileListPaths = (
			);
			outputPaths = (
				"${TARGET_BUILD_DIR}/${FRAMEWORKS_FOLDER_PATH}/Alamofire.framework",
			);
			runOnlyForDeploymentPostprocessing = 0;
			shellPath = /bin/sh;
			shellScript = "\"${PODS_ROOT}/Target Support Files/Pods-BelatrixChallenge/Pods-BelatrixChallenge-frameworks.sh\"\n";
			showEnvVarsInLog = 0;
		};
		8FB800D1660BEAC71DD160EB /* [CP] Check Pods Manifest.lock */ = {
			isa = PBXShellScriptBuildPhase;
			buildActionMask = 2147483647;
			files = (
			);
			inputFileListPaths = (
			);
			inputPaths = (
				"${PODS_PODFILE_DIR_PATH}/Podfile.lock",
				"${PODS_ROOT}/Manifest.lock",
			);
			name = "[CP] Check Pods Manifest.lock";
			outputFileListPaths = (
			);
			outputPaths = (
				"$(DERIVED_FILE_DIR)/Pods-BelatrixChallenge-checkManifestLockResult.txt",
			);
			runOnlyForDeploymentPostprocessing = 0;
			shellPath = /bin/sh;
			shellScript = "diff \"${PODS_PODFILE_DIR_PATH}/Podfile.lock\" \"${PODS_ROOT}/Manifest.lock\" > /dev/null\nif [ $? != 0 ] ; then\n    # print error to STDERR\n    echo \"error: The sandbox is not in sync with the Podfile.lock. Run 'pod install' or update your CocoaPods installation.\" >&2\n    exit 1\nfi\n# This output is used by Xcode 'outputs' to avoid re-running this script phase.\necho \"SUCCESS\" > \"${SCRIPT_OUTPUT_FILE_0}\"\n";
			showEnvVarsInLog = 0;
		};
/* End PBXShellScriptBuildPhase section */

/* Begin PBXSourcesBuildPhase section */
		C1119F1C235C251F00397A86 /* Sources */ = {
			isa = PBXSourcesBuildPhase;
			buildActionMask = 2147483647;
			files = (
				C1119F40235C300300397A86 /* MovieModel.swift in Sources */,
				C1119F3D235C2EDF00397A86 /* MovieInteractor.swift in Sources */,
				C1119F42235C30A400397A86 /* MovieModuleBuilder.swift in Sources */,
				C1119F26235C251F00397A86 /* MoviesViewController.swift in Sources */,
				C1119F49235D031F00397A86 /* MovieHttpService.swift in Sources */,
				C1119F45235CFC0600397A86 /* HttpRouter.swift in Sources */,
				C1119F4B235D038500397A86 /* MovieHttpRouter.swift in Sources */,
				C1119F47235CFC2500397A86 /* HttpService.swift in Sources */,
				C1119F3B235C2EA600397A86 /* MovieRouter.swift in Sources */,
				C1119F39235C2E3A00397A86 /* MoviePresenter.swift in Sources */,
				C1119F24235C251F00397A86 /* AppDelegate.swift in Sources */,
			);
			runOnlyForDeploymentPostprocessing = 0;
		};
/* End PBXSourcesBuildPhase section */

/* Begin PBXVariantGroup section */
		C1119F27235C251F00397A86 /* Main.storyboard */ = {
			isa = PBXVariantGroup;
			children = (
				C1119F28235C251F00397A86 /* Base */,
			);
			name = Main.storyboard;
			sourceTree = "<group>";
		};
		C1119F2C235C252100397A86 /* LaunchScreen.storyboard */ = {
			isa = PBXVariantGroup;
			children = (
				C1119F2D235C252100397A86 /* Base */,
			);
			name = LaunchScreen.storyboard;
			sourceTree = "<group>";
		};
/* End PBXVariantGroup section */

/* Begin XCBuildConfiguration section */
		C1119F30235C252100397A86 /* Debug */ = {
			isa = XCBuildConfiguration;
			buildSettings = {
				ALWAYS_SEARCH_USER_PATHS = NO;
				CLANG_ANALYZER_NONNULL = YES;
				CLANG_ANALYZER_NUMBER_OBJECT_CONVERSION = YES_AGGRESSIVE;
				CLANG_CXX_LANGUAGE_STANDARD = "gnu++14";
				CLANG_CXX_LIBRARY = "libc++";
				CLANG_ENABLE_MODULES = YES;
				CLANG_ENABLE_OBJC_ARC = YES;
				CLANG_ENABLE_OBJC_WEAK = YES;
				CLANG_WARN_BLOCK_CAPTURE_AUTORELEASING = YES;
				CLANG_WARN_BOOL_CONVERSION = YES;
				CLANG_WARN_COMMA = YES;
				CLANG_WARN_CONSTANT_CONVERSION = YES;
				CLANG_WARN_DEPRECATED_OBJC_IMPLEMENTATIONS = YES;
				CLANG_WARN_DIRECT_OBJC_ISA_USAGE = YES_ERROR;
				CLANG_WARN_DOCUMENTATION_COMMENTS = YES;
				CLANG_WARN_EMPTY_BODY = YES;
				CLANG_WARN_ENUM_CONVERSION = YES;
				CLANG_WARN_INFINITE_RECURSION = YES;
				CLANG_WARN_INT_CONVERSION = YES;
				CLANG_WARN_NON_LITERAL_NULL_CONVERSION = YES;
				CLANG_WARN_OBJC_IMPLICIT_RETAIN_SELF = YES;
				CLANG_WARN_OBJC_LITERAL_CONVERSION = YES;
				CLANG_WARN_OBJC_ROOT_CLASS = YES_ERROR;
				CLANG_WARN_RANGE_LOOP_ANALYSIS = YES;
				CLANG_WARN_STRICT_PROTOTYPES = YES;
				CLANG_WARN_SUSPICIOUS_MOVE = YES;
				CLANG_WARN_UNGUARDED_AVAILABILITY = YES_AGGRESSIVE;
				CLANG_WARN_UNREACHABLE_CODE = YES;
				CLANG_WARN__DUPLICATE_METHOD_MATCH = YES;
				CODE_SIGN_IDENTITY = "iPhone Developer";
				COPY_PHASE_STRIP = NO;
				DEBUG_INFORMATION_FORMAT = dwarf;
				ENABLE_STRICT_OBJC_MSGSEND = YES;
				ENABLE_TESTABILITY = YES;
				GCC_C_LANGUAGE_STANDARD = gnu11;
				GCC_DYNAMIC_NO_PIC = NO;
				GCC_NO_COMMON_BLOCKS = YES;
				GCC_OPTIMIZATION_LEVEL = 0;
				GCC_PREPROCESSOR_DEFINITIONS = (
					"DEBUG=1",
					"$(inherited)",
				);
				GCC_WARN_64_TO_32_BIT_CONVERSION = YES;
				GCC_WARN_ABOUT_RETURN_TYPE = YES_ERROR;
				GCC_WARN_UNDECLARED_SELECTOR = YES;
				GCC_WARN_UNINITIALIZED_AUTOS = YES_AGGRESSIVE;
				GCC_WARN_UNUSED_FUNCTION = YES;
				GCC_WARN_UNUSED_VARIABLE = YES;
				IPHONEOS_DEPLOYMENT_TARGET = 12.2;
				MTL_ENABLE_DEBUG_INFO = INCLUDE_SOURCE;
				MTL_FAST_MATH = YES;
				ONLY_ACTIVE_ARCH = YES;
				SDKROOT = iphoneos;
				SWIFT_ACTIVE_COMPILATION_CONDITIONS = DEBUG;
				SWIFT_OPTIMIZATION_LEVEL = "-Onone";
			};
			name = Debug;
		};
		C1119F31235C252100397A86 /* Release */ = {
			isa = XCBuildConfiguration;
			buildSettings = {
				ALWAYS_SEARCH_USER_PATHS = NO;
				CLANG_ANALYZER_NONNULL = YES;
				CLANG_ANALYZER_NUMBER_OBJECT_CONVERSION = YES_AGGRESSIVE;
				CLANG_CXX_LANGUAGE_STANDARD = "gnu++14";
				CLANG_CXX_LIBRARY = "libc++";
				CLANG_ENABLE_MODULES = YES;
				CLANG_ENABLE_OBJC_ARC = YES;
				CLANG_ENABLE_OBJC_WEAK = YES;
				CLANG_WARN_BLOCK_CAPTURE_AUTORELEASING = YES;
				CLANG_WARN_BOOL_CONVERSION = YES;
				CLANG_WARN_COMMA = YES;
				CLANG_WARN_CONSTANT_CONVERSION = YES;
				CLANG_WARN_DEPRECATED_OBJC_IMPLEMENTATIONS = YES;
				CLANG_WARN_DIRECT_OBJC_ISA_USAGE = YES_ERROR;
				CLANG_WARN_DOCUMENTATION_COMMENTS = YES;
				CLANG_WARN_EMPTY_BODY = YES;
				CLANG_WARN_ENUM_CONVERSION = YES;
				CLANG_WARN_INFINITE_RECURSION = YES;
				CLANG_WARN_INT_CONVERSION = YES;
				CLANG_WARN_NON_LITERAL_NULL_CONVERSION = YES;
				CLANG_WARN_OBJC_IMPLICIT_RETAIN_SELF = YES;
				CLANG_WARN_OBJC_LITERAL_CONVERSION = YES;
				CLANG_WARN_OBJC_ROOT_CLASS = YES_ERROR;
				CLANG_WARN_RANGE_LOOP_ANALYSIS = YES;
				CLANG_WARN_STRICT_PROTOTYPES = YES;
				CLANG_WARN_SUSPICIOUS_MOVE = YES;
				CLANG_WARN_UNGUARDED_AVAILABILITY = YES_AGGRESSIVE;
				CLANG_WARN_UNREACHABLE_CODE = YES;
				CLANG_WARN__DUPLICATE_METHOD_MATCH = YES;
				CODE_SIGN_IDENTITY = "iPhone Developer";
				COPY_PHASE_STRIP = NO;
				DEBUG_INFORMATION_FORMAT = "dwarf-with-dsym";
				ENABLE_NS_ASSERTIONS = NO;
				ENABLE_STRICT_OBJC_MSGSEND = YES;
				GCC_C_LANGUAGE_STANDARD = gnu11;
				GCC_NO_COMMON_BLOCKS = YES;
				GCC_WARN_64_TO_32_BIT_CONVERSION = YES;
				GCC_WARN_ABOUT_RETURN_TYPE = YES_ERROR;
				GCC_WARN_UNDECLARED_SELECTOR = YES;
				GCC_WARN_UNINITIALIZED_AUTOS = YES_AGGRESSIVE;
				GCC_WARN_UNUSED_FUNCTION = YES;
				GCC_WARN_UNUSED_VARIABLE = YES;
				IPHONEOS_DEPLOYMENT_TARGET = 12.2;
				MTL_ENABLE_DEBUG_INFO = NO;
				MTL_FAST_MATH = YES;
				SDKROOT = iphoneos;
				SWIFT_COMPILATION_MODE = wholemodule;
				SWIFT_OPTIMIZATION_LEVEL = "-O";
				VALIDATE_PRODUCT = YES;
			};
			name = Release;
		};
		C1119F33235C252100397A86 /* Debug */ = {
			isa = XCBuildConfiguration;
			baseConfigurationReference = 1B00E59368AB9D9A4047D1BE /* Pods-BelatrixChallenge.debug.xcconfig */;
			buildSettings = {
				ASSETCATALOG_COMPILER_APPICON_NAME = AppIcon;
				CODE_SIGN_STYLE = Automatic;
				INFOPLIST_FILE = BelatrixChallenge/Info.plist;
				LD_RUNPATH_SEARCH_PATHS = (
					"$(inherited)",
					"@executable_path/Frameworks",
				);
				PRODUCT_BUNDLE_IDENTIFIER = org.cocoapods.BelatrixChallenge;
				PRODUCT_NAME = "$(TARGET_NAME)";
				SWIFT_VERSION = 5.0;
				TARGETED_DEVICE_FAMILY = "1,2";
			};
			name = Debug;
		};
		C1119F34235C252100397A86 /* Release */ = {
			isa = XCBuildConfiguration;
			baseConfigurationReference = 9386F5E23DEE08E8AE7EA12C /* Pods-BelatrixChallenge.release.xcconfig */;
			buildSettings = {
				ASSETCATALOG_COMPILER_APPICON_NAME = AppIcon;
				CODE_SIGN_STYLE = Automatic;
				INFOPLIST_FILE = BelatrixChallenge/Info.plist;
				LD_RUNPATH_SEARCH_PATHS = (
					"$(inherited)",
					"@executable_path/Frameworks",
				);
				PRODUCT_BUNDLE_IDENTIFIER = org.cocoapods.BelatrixChallenge;
				PRODUCT_NAME = "$(TARGET_NAME)";
				SWIFT_VERSION = 5.0;
				TARGETED_DEVICE_FAMILY = "1,2";
			};
			name = Release;
		};
/* End XCBuildConfiguration section */

/* Begin XCConfigurationList section */
		C1119F1B235C251F00397A86 /* Build configuration list for PBXProject "BelatrixChallenge" */ = {
			isa = XCConfigurationList;
			buildConfigurations = (
				C1119F30235C252100397A86 /* Debug */,
				C1119F31235C252100397A86 /* Release */,
			);
			defaultConfigurationIsVisible = 0;
			defaultConfigurationName = Release;
		};
		C1119F32235C252100397A86 /* Build configuration list for PBXNativeTarget "BelatrixChallenge" */ = {
			isa = XCConfigurationList;
			buildConfigurations = (
				C1119F33235C252100397A86 /* Debug */,
				C1119F34235C252100397A86 /* Release */,
			);
			defaultConfigurationIsVisible = 0;
			defaultConfigurationName = Release;
		};
/* End XCConfigurationList section */
	};
	rootObject = C1119F18235C251F00397A86 /* Project object */;
}
